
Microsoft Visual Studio Solution File, Format Version 12.00
# Visual Studio 14
VisualStudioVersion = 14.0.25420.1
MinimumVisualStudioVersion = 10.0.40219.1
Project("{FAE04EC0-301F-11D3-BF4B-00C04F79EFBC}") = "Project.Service", "Project.Service\Project.Service.csproj", "{E1D86EDE-2490-4B92-9C9E-32939681FF9D}"
EndProject
Project("{FAE04EC0-301F-11D3-BF4B-00C04F79EFBC}") = "Project.MVC", "..\Project.MVC\Project.MVC.csproj", "{9980DD31-6F52-4344-9914-9438C9D6B1CE}"
EndProject
Global
	GlobalSection(SolutionConfigurationPlatforms) = preSolution
		Debug|Any CPU = Debug|Any CPU
		Release|Any CPU = Release|Any CPU
	EndGlobalSection
	GlobalSection(ProjectConfigurationPlatforms) = postSolution
		{E1D86EDE-2490-4B92-9C9E-32939681FF9D}.Debug|Any CPU.ActiveCfg = Debug|Any CPU
		{E1D86EDE-2490-4B92-9C9E-32939681FF9D}.Debug|Any CPU.Build.0 = Debug|Any CPU
		{E1D86EDE-2490-4B92-9C9E-32939681FF9D}.Release|Any CPU.ActiveCfg = Release|Any CPU
		{E1D86EDE-2490-4B92-9C9E-32939681FF9D}.Release|Any CPU.Build.0 = Release|Any CPU
		{9980DD31-6F52-4344-9914-9438C9D6B1CE}.Debug|Any CPU.ActiveCfg = Debug|Any CPU
		{9980DD31-6F52-4344-9914-9438C9D6B1CE}.Debug|Any CPU.Build.0 = Debug|Any CPU
		{9980DD31-6F52-4344-9914-9438C9D6B1CE}.Release|Any CPU.ActiveCfg = Release|Any CPU
		{9980DD31-6F52-4344-9914-9438C9D6B1CE}.Release|Any CPU.Build.0 = Release|Any CPU
	EndGlobalSection
	GlobalSection(SolutionProperties) = preSolution
		HideSolutionNode = FALSE
	EndGlobalSection
EndGlobal
